
Microsoft Visual Studio Solution File, Format Version 12.00
# Visual Studio Version 16
VisualStudioVersion = 16.0.31205.134
MinimumVisualStudioVersion = 10.0.40219.1
Project("{FAE04EC0-301F-11D3-BF4B-00C04F79EFBC}") = "SpecFlowProject1", "SpecFlowProject1\SpecFlowProject1.csproj", "{F6710D5D-F26D-4727-AF46-56DDAFB0963B}"
EndProject
Global
	GlobalSection(SolutionConfigurationPlatforms) = preSolution
		Debug|Any CPU = Debug|Any CPU
		Release|Any CPU = Release|Any CPU
	EndGlobalSection
	GlobalSection(ProjectConfigurationPlatforms) = postSolution
		{F6710D5D-F26D-4727-AF46-56DDAFB0963B}.Debug|Any CPU.ActiveCfg = Debug|Any CPU
		{F6710D5D-F26D-4727-AF46-56DDAFB0963B}.Debug|Any CPU.Build.0 = Debug|Any CPU
		{F6710D5D-F26D-4727-AF46-56DDAFB0963B}.Release|Any CPU.ActiveCfg = Release|Any CPU
		{F6710D5D-F26D-4727-AF46-56DDAFB0963B}.Release|Any CPU.Build.0 = Release|Any CPU
	EndGlobalSection
	GlobalSection(SolutionProperties) = preSolution
		HideSolutionNode = FALSE
	EndGlobalSection
	GlobalSection(ExtensibilityGlobals) = postSolution
		SolutionGuid = {29461D9D-26ED-4EED-8326-988D563B36C8}
	EndGlobalSection
EndGlobal
